
Microsoft Visual Studio Solution File, Format Version 12.00
# Visual Studio Version 17
VisualStudioVersion = 17.3.32922.545
MinimumVisualStudioVersion = 10.0.40219.1
Project("{FAE04EC0-301F-11D3-BF4B-00C04F79EFBC}") = "Delegates", "Delegates\Delegates.csproj", "{28C9B3E5-033C-4587-92FA-0DA203F9A9BF}"
EndProject
Global
	GlobalSection(SolutionConfigurationPlatforms) = preSolution
		Debug|Any CPU = Debug|Any CPU
		Release|Any CPU = Release|Any CPU
	EndGlobalSection
	GlobalSection(ProjectConfigurationPlatforms) = postSolution
		{28C9B3E5-033C-4587-92FA-0DA203F9A9BF}.Debug|Any CPU.ActiveCfg = Debug|Any CPU
		{28C9B3E5-033C-4587-92FA-0DA203F9A9BF}.Debug|Any CPU.Build.0 = Debug|Any CPU
		{28C9B3E5-033C-4587-92FA-0DA203F9A9BF}.Release|Any CPU.ActiveCfg = Release|Any CPU
		{28C9B3E5-033C-4587-92FA-0DA203F9A9BF}.Release|Any CPU.Build.0 = Release|Any CPU
	EndGlobalSection
	GlobalSection(SolutionProperties) = preSolution
		HideSolutionNode = FALSE
	EndGlobalSection
	GlobalSection(ExtensibilityGlobals) = postSolution
		SolutionGuid = {C1F39DDC-EFFC-4F2D-A26C-CA3616B18FC7}
	EndGlobalSection
EndGlobal
